
Microsoft Visual Studio Solution File, Format Version 12.00
# Visual Studio 15
VisualStudioVersion = 15.0.27703.2035
MinimumVisualStudioVersion = 10.0.40219.1
Project("{9092AA53-FB77-4645-B42D-1CCCA6BD08BD}") = "actionApp", "actionApp.njsproj", "{E68A03D0-3104-4ED2-8890-5E01A77835DA}"
EndProject
Global
	GlobalSection(SolutionConfigurationPlatforms) = preSolution
		Debug|Any CPU = Debug|Any CPU
		Release|Any CPU = Release|Any CPU
	EndGlobalSection
	GlobalSection(ProjectConfigurationPlatforms) = postSolution
		{E68A03D0-3104-4ED2-8890-5E01A77835DA}.Debug|Any CPU.ActiveCfg = Debug|Any CPU
		{E68A03D0-3104-4ED2-8890-5E01A77835DA}.Debug|Any CPU.Build.0 = Debug|Any CPU
		{E68A03D0-3104-4ED2-8890-5E01A77835DA}.Release|Any CPU.ActiveCfg = Release|Any CPU
		{E68A03D0-3104-4ED2-8890-5E01A77835DA}.Release|Any CPU.Build.0 = Release|Any CPU
	EndGlobalSection
	GlobalSection(SolutionProperties) = preSolution
		HideSolutionNode = FALSE
	EndGlobalSection
	GlobalSection(ExtensibilityGlobals) = postSolution
		SolutionGuid = {F2ABE13A-BC6A-4A95-BAC3-F216541A8D52}
	EndGlobalSection
EndGlobal
